<Solution>
  <Folder Name="/packages/" />
  <Folder Name="/packages/dotnet/">
    <Project Path="packages/dotnet/Switchboard.Cli/Switchboard.Cli.csproj" />
    <Project Path="packages/dotnet/Switchboard.OpenFeature/Switchboard.OpenFeature.csproj" />
    <Project Path="packages/dotnet/Switchboard.Sdk/Switchboard.Sdk.csproj" />
    <Project Path="packages/dotnet/Switchboard/Switchboard.csproj" />
  </Folder>
</Solution>
